
Microsoft Visual Studio Solution File, Format Version 12.00
# Visual Studio Version 16
VisualStudioVersion = 16.0.28803.202
MinimumVisualStudioVersion = 10.0.40219.1
Project("{FAE04EC0-301F-11D3-BF4B-00C04F79EFBC}") = "SortString", "SortString.csproj", "{492E9BFC-080A-45B1-9840-C585F7AEF643}"
EndProject
Global
	GlobalSection(SolutionConfigurationPlatforms) = preSolution
		Debug|Any CPU = Debug|Any CPU
		Release|Any CPU = Release|Any CPU
	EndGlobalSection
	GlobalSection(ProjectConfigurationPlatforms) = postSolution
		{492E9BFC-080A-45B1-9840-C585F7AEF643}.Debug|Any CPU.ActiveCfg = Debug|Any CPU
		{492E9BFC-080A-45B1-9840-C585F7AEF643}.Debug|Any CPU.Build.0 = Debug|Any CPU
		{492E9BFC-080A-45B1-9840-C585F7AEF643}.Release|Any CPU.ActiveCfg = Release|Any CPU
		{492E9BFC-080A-45B1-9840-C585F7AEF643}.Release|Any CPU.Build.0 = Release|Any CPU
	EndGlobalSection
	GlobalSection(SolutionProperties) = preSolution
		HideSolutionNode = FALSE
	EndGlobalSection
	GlobalSection(ExtensibilityGlobals) = postSolution
		SolutionGuid = {CD7A2A55-4D2C-4D51-962B-BA64B50A780A}
	EndGlobalSection
EndGlobal
